
Microsoft Visual Studio Solution File, Format Version 12.00
# Visual Studio Version 16
VisualStudioVersion = 16.0.29503.13
MinimumVisualStudioVersion = 10.0.40219.1
Project("{FAE04EC0-301F-11D3-BF4B-00C04F79EFBC}") = "Homework5.13.Web", "Homework5.13.Web\Homework5.13.Web.csproj", "{BB31D16B-2AF6-451F-8DBE-20657E831904}"
EndProject
Project("{FAE04EC0-301F-11D3-BF4B-00C04F79EFBC}") = "Homework5.13.Data", "Homework5.13.Data\Homework5.13.Data.csproj", "{A9881636-2F0E-489B-B4C4-17BFC4B6273F}"
EndProject
Global
	GlobalSection(SolutionConfigurationPlatforms) = preSolution
		Debug|Any CPU = Debug|Any CPU
		Release|Any CPU = Release|Any CPU
	EndGlobalSection
	GlobalSection(ProjectConfigurationPlatforms) = postSolution
		{BB31D16B-2AF6-451F-8DBE-20657E831904}.Debug|Any CPU.ActiveCfg = Debug|Any CPU
		{BB31D16B-2AF6-451F-8DBE-20657E831904}.Debug|Any CPU.Build.0 = Debug|Any CPU
		{BB31D16B-2AF6-451F-8DBE-20657E831904}.Release|Any CPU.ActiveCfg = Release|Any CPU
		{BB31D16B-2AF6-451F-8DBE-20657E831904}.Release|Any CPU.Build.0 = Release|Any CPU
		{A9881636-2F0E-489B-B4C4-17BFC4B6273F}.Debug|Any CPU.ActiveCfg = Debug|Any CPU
		{A9881636-2F0E-489B-B4C4-17BFC4B6273F}.Debug|Any CPU.Build.0 = Debug|Any CPU
		{A9881636-2F0E-489B-B4C4-17BFC4B6273F}.Release|Any CPU.ActiveCfg = Release|Any CPU
		{A9881636-2F0E-489B-B4C4-17BFC4B6273F}.Release|Any CPU.Build.0 = Release|Any CPU
	EndGlobalSection
	GlobalSection(SolutionProperties) = preSolution
		HideSolutionNode = FALSE
	EndGlobalSection
	GlobalSection(ExtensibilityGlobals) = postSolution
		SolutionGuid = {BE9E0EBA-B501-4391-8DBF-7F80E36BBD69}
	EndGlobalSection
EndGlobal
